# THIS IS AN AUTOGENERATED FILE. DO NOT EDIT THIS FILE DIRECTLY.
# yarn lockfile v1


"@expo/react-native-action-sheet@^4.1.1":
  version "4.1.1"
  resolved "https://registry.yarnpkg.com/@expo/react-native-action-sheet/-/react-native-action-sheet-4.1.1.tgz#a94a11088b8f146ac86b3ae710deef609a922d82"
  integrity sha512-4KRaba2vhqDRR7ObBj6nrD5uJw8ePoNHdIOMETTpgGTX7StUbrF4j/sfrP1YUyaPEa1P8FXdwG6pB+2WtrJd1A==
  dependencies:
    "@types/hoist-non-react-statics" "^3.3.1"
    hoist-non-react-statics "^3.3.0"

"@types/hoist-non-react-statics@^3.3.1":
  version "3.3.7"
  resolved "https://registry.yarnpkg.com/@types/hoist-non-react-statics/-/hoist-non-react-statics-3.3.7.tgz#306e3a3a73828522efa1341159da4846e7573a6c"
  integrity sha512-PQTyIulDkIDro8P+IHbKCsw7U2xxBYflVzW/FgWdCAePD9xGSidgA76/GeJ6lBKoblyhf9pBY763gbrN+1dI8g==
  dependencies:
    hoist-non-react-statics "^3.3.0"

"@types/lodash.isequal@^4.5.8":
  version "4.5.8"
  resolved "https://registry.yarnpkg.com/@types/lodash.isequal/-/lodash.isequal-4.5.8.tgz#b30bb6ff6a5f6c19b3daf389d649ac7f7a250499"
  integrity sha512-uput6pg4E/tj2LGxCZo9+y27JNyB2OZuuI/T5F+ylVDYuqICLG2/ktjxx0v6GvVntAf8TvEzeQLcV0ffRirXuA==
  dependencies:
    "@types/lodash" "*"

"@types/lodash@*":
  version "4.17.21"
  resolved "https://registry.yarnpkg.com/@types/lodash/-/lodash-4.17.21.tgz#b806831543d696b14f8112db600ea9d3a1df6ea4"
  integrity sha512-FOvQ0YPD5NOfPgMzJihoT+Za5pdkDJWcbpuj1DjaKZIr/gxodQjY/uWEFlTNqW2ugXHUiL8lRQgw63dzKHZdeQ==

autolinker@^3.16.2:
  version "3.16.2"
  resolved "https://registry.yarnpkg.com/autolinker/-/autolinker-3.16.2.tgz#6bb4f32432fc111b65659336863e653973bfbcc9"
  integrity sha512-JiYl7j2Z19F9NdTmirENSUUIIL/9MytEWtmzhfmsKPCp9E+G35Y0UNCMoM9tFigxT59qSc8Ml2dlZXOCVTYwuA==
  dependencies:
    tslib "^2.3.0"

dayjs@^1.11.19:
  version "1.11.19"
  resolved "https://registry.yarnpkg.com/dayjs/-/dayjs-1.11.19.tgz#15dc98e854bb43917f12021806af897c58ae2938"
  integrity sha512-t5EcLVS6QPBNqM2z8fakk/NKel+Xzshgt8FFKAn+qwlD1pzZWxh0nVCrvFK7ZDb6XucZeF9z8C7CBWTRIVApAw==

hoist-non-react-statics@^3.3.0:
  version "3.3.2"
  resolved "https://registry.yarnpkg.com/hoist-non-react-statics/-/hoist-non-react-statics-3.3.2.tgz#ece0acaf71d62c2969c2ec59feff42a4b1a85b45"
  integrity sha512-/gGivxi8JPKWNm/W0jSmzcMPpfpPLc3dY/6GxhX2hQ9iGj3aDfklV4ET7NjKpSinLpJ5vafa9iiGIEZg10SfBw==
  dependencies:
    react-is "^16.7.0"

lodash.isequal@^4.5.0:
  version "4.5.0"
  resolved "https://registry.yarnpkg.com/lodash.isequal/-/lodash.isequal-4.5.0.tgz#415c4478f2bcc30120c22ce10ed3226f7d3e18e0"
  integrity sha512-pDo3lu8Jhfjqls6GkMgpahsF9kCyayhgykjyLMNFTKWrpVdAQtYyB4muAMWozBB4ig/dtWAmsMxLEI8wuz+DYQ==

react-is@^16.7.0:
  version "16.13.1"
  resolved "https://registry.yarnpkg.com/react-is/-/react-is-16.13.1.tgz#789729a4dc36de2999dc156dd6c1d9c18cea56a4"
  integrity sha512-24e6ynE2H+OKt4kqsOvNd8kBpV65zoxbA4BVsEOB3ARVWQki/DHzaUoC5KuON/BiccDaCCTZBuOcfZs70kR8bQ==

react-native-autolink@^4.2.0:
  version "4.2.0"
  resolved "https://registry.yarnpkg.com/react-native-autolink/-/react-native-autolink-4.2.0.tgz#da0161e6b745a69a5ebbfd524d4dd997e40c18f5"
  integrity sha512-Mb5sLZMKj/ZaGDcRvUxWeN1AYnpUSRqLwFvDAgbtnfPo/m6Te2ApctFqkcVTL7UwNu3rlxXdFWYq05Z7EfFcug==
  dependencies:
    autolinker "^3.16.2"

react-native-gifted-chat@^3.0.0:
  version "3.0.0"
  resolved "https://registry.yarnpkg.com/react-native-gifted-chat/-/react-native-gifted-chat-3.0.0.tgz#050144d5f7f0b77f032e0c780361c1cc0e6e8c17"
  integrity sha512-qKseEqdqm5hVmzTZR9wsJ115fTka4kkbb+yYNPhdjQkRwbnpbMxcOIK7EcnwKoEmNRLRhjswxz3ZyOmONIzLsA==
  dependencies:
    "@expo/react-native-action-sheet" "^4.1.1"
    "@types/lodash.isequal" "^4.5.8"
    dayjs "^1.11.19"
    lodash.isequal "^4.5.0"
    react-native-autolink "^4.2.0"
    react-native-zoom-reanimated "^1.4.10"

react-native-is-edge-to-edge@^1.2.1:
  version "1.2.1"
  resolved "https://registry.yarnpkg.com/react-native-is-edge-to-edge/-/react-native-is-edge-to-edge-1.2.1.tgz#64e10851abd9d176cbf2b40562f751622bde3358"
  integrity sha512-FLbPWl/MyYQWz+KwqOZsSyj2JmLKglHatd3xLZWskXOpRaio4LfEDEz8E/A6uD8QoTHW6Aobw1jbEwK7KMgR7Q==

react-native-keyboard-controller@^1.19.6:
  version "1.19.6"
  resolved "https://registry.yarnpkg.com/react-native-keyboard-controller/-/react-native-keyboard-controller-1.19.6.tgz#af63d21807d80224897cc7895cba26ea2f9bb736"
  integrity sha512-OnijLjtUVnWDZDkxtBCCja4kO7UPbpyX9K8lJXHH8spfTCrlvbPkVra5qaaqIPrv9SHWkWkComgh4LSgYUu62g==
  dependencies:
    react-native-is-edge-to-edge "^1.2.1"

react-native-zoom-reanimated@^1.4.10:
  version "1.4.10"
  resolved "https://registry.yarnpkg.com/react-native-zoom-reanimated/-/react-native-zoom-reanimated-1.4.10.tgz#78e7c7ecc13c58d50f69665c601f8d6af21b16ce"
  integrity sha512-5UPEGv3UDcH21jHJSIu87CxLGMrcdGS1Hx6EP7eBbLYf0XEOHL3F9v0p5iSuM31exuBjrNQZsDouNcPQW5liMQ==

tslib@^2.3.0:
  version "2.8.1"
  resolved "https://registry.yarnpkg.com/tslib/-/tslib-2.8.1.tgz#612efe4ed235d567e8aba5f2a5fab70280ade83f"
  integrity sha512-oJFu94HQb+KVduSUQL7wnpmqnfmLsOA/nAh6b6EH0wCEoK0/mPeXU6c3wKDV83MkOuHPRHtSXKKU99IBazS/2w==
